
Microsoft Visual Studio Solution File, Format Version 12.00
# Visual Studio Version 17
VisualStudioVersion = 17.14.36301.6
MinimumVisualStudioVersion = 10.0.40219.1
Project("{FAE04EC0-301F-11D3-BF4B-00C04F79EFBC}") = "HospitalManagementSystem", "HospitalManagementSystme\HospitalManagementSystem.csproj", "{4A1285BB-36D7-451E-8682-1B228AE12A2B}"
EndProject
Global
	GlobalSection(SolutionConfigurationPlatforms) = preSolution
		Debug|Any CPU = Debug|Any CPU
		Release|Any CPU = Release|Any CPU
	EndGlobalSection
	GlobalSection(ProjectConfigurationPlatforms) = postSolution
		{4A1285BB-36D7-451E-8682-1B228AE12A2B}.Debug|Any CPU.ActiveCfg = Debug|Any CPU
		{4A1285BB-36D7-451E-8682-1B228AE12A2B}.Debug|Any CPU.Build.0 = Debug|Any CPU
		{4A1285BB-36D7-451E-8682-1B228AE12A2B}.Release|Any CPU.ActiveCfg = Release|Any CPU
		{4A1285BB-36D7-451E-8682-1B228AE12A2B}.Release|Any CPU.Build.0 = Release|Any CPU
	EndGlobalSection
	GlobalSection(SolutionProperties) = preSolution
		HideSolutionNode = FALSE
	EndGlobalSection
	GlobalSection(ExtensibilityGlobals) = postSolution
		SolutionGuid = {8FD30A16-677B-4C1B-93B7-15B2151EAA43}
	EndGlobalSection
EndGlobal
